{
  "projects": [
    {
      "projectId": "gmeH6XgPaBtkt51HunAo4g",
      "version": "18.19.1",
      "dependencies": {},
      "lang": "js",
      "fileLocks": [
        {
          "assetId": "gmeH6XgPaBtkt51HunAo4g",
          "type": "projectCss",
          "checksum": "1c02168c6b23256606111fdfdbb63549"
        }
      ],
      "codegenVersion": "0.0.1"
    },
    {
      "projectId": "stpzpG5BNdyk25ngDDeBjt",
      "version": "latest",
      "dependencies": {
        "gmeH6XgPaBtkt51HunAo4g": "18.19.1"
      },
      "lang": "js",
      "fileLocks": [
        {
          "type": "globalVariant",
          "assetId": "zD8bVmAQArue",
          "checksum": "3c4687a85c96b1d4a7c0fb97ac9ece81"
        },
        {
          "type": "renderModule",
          "assetId": "ibmeNGljcijm",
          "checksum": "48f8ffe9c359d0f45c0ba3feebc324c6"
        },
        {
          "type": "cssRules",
          "assetId": "ibmeNGljcijm",
          "checksum": "48f8ffe9c359d0f45c0ba3feebc324c6"
        },
        {
          "type": "renderModule",
          "assetId": "cE6JLoNudm3H",
          "checksum": "2a20a27afc607864bd60806833808757"
        },
        {
          "type": "cssRules",
          "assetId": "cE6JLoNudm3H",
          "checksum": "2a20a27afc607864bd60806833808757"
        },
        {
          "type": "renderModule",
          "assetId": "7ilpMUuNUHHn",
          "checksum": "3bf72194dea96fd47c1ae3fe6344d5d3"
        },
        {
          "type": "cssRules",
          "assetId": "7ilpMUuNUHHn",
          "checksum": "3bf72194dea96fd47c1ae3fe6344d5d3"
        },
        {
          "type": "renderModule",
          "assetId": "1LmBL71MUAXA",
          "checksum": "21256b4229ca0d78c1b7caeae79031fb"
        },
        {
          "type": "cssRules",
          "assetId": "1LmBL71MUAXA",
          "checksum": "21256b4229ca0d78c1b7caeae79031fb"
        },
        {
          "type": "renderModule",
          "assetId": "R6EJCXXuB-lk",
          "checksum": "a2c04709c1370d45599695901e420e33"
        },
        {
          "type": "cssRules",
          "assetId": "R6EJCXXuB-lk",
          "checksum": "a2c04709c1370d45599695901e420e33"
        },
        {
          "type": "renderModule",
          "assetId": "fcMelusn795n",
          "checksum": "a7f0a4f1bfb9cebdaf918093c78cbec7"
        },
        {
          "type": "cssRules",
          "assetId": "fcMelusn795n",
          "checksum": "a7f0a4f1bfb9cebdaf918093c78cbec7"
        },
        {
          "type": "renderModule",
          "assetId": "P1RVDzFnZQsG",
          "checksum": "67725e442e4bb0f023830f7efd2ed94c"
        },
        {
          "type": "cssRules",
          "assetId": "P1RVDzFnZQsG",
          "checksum": "67725e442e4bb0f023830f7efd2ed94c"
        },
        {
          "type": "renderModule",
          "assetId": "o1V8se7u6UxM",
          "checksum": "10e5b6616ea2db577a804cc661330da5"
        },
        {
          "type": "cssRules",
          "assetId": "o1V8se7u6UxM",
          "checksum": "10e5b6616ea2db577a804cc661330da5"
        },
        {
          "type": "renderModule",
          "assetId": "olXKnGUR3tZq",
          "checksum": "3cd28514f68c1783418ea8e6677199e4"
        },
        {
          "type": "cssRules",
          "assetId": "olXKnGUR3tZq",
          "checksum": "3cd28514f68c1783418ea8e6677199e4"
        },
        {
          "type": "renderModule",
          "assetId": "RZcfRW_Hy_3y",
          "checksum": "ae465befc2373307d6076eb2a2f47e84"
        },
        {
          "type": "cssRules",
          "assetId": "RZcfRW_Hy_3y",
          "checksum": "ae465befc2373307d6076eb2a2f47e84"
        },
        {
          "type": "renderModule",
          "assetId": "JuEnaEPMzDFs",
          "checksum": "f52f1ce62830f336c5a3c6958cb03041"
        },
        {
          "type": "cssRules",
          "assetId": "JuEnaEPMzDFs",
          "checksum": "f52f1ce62830f336c5a3c6958cb03041"
        },
        {
          "type": "renderModule",
          "assetId": "vts_5IfhxgQJ",
          "checksum": "478bbf59dcd8fec5f5bdfc3bf6a08594"
        },
        {
          "type": "cssRules",
          "assetId": "vts_5IfhxgQJ",
          "checksum": "478bbf59dcd8fec5f5bdfc3bf6a08594"
        },
        {
          "type": "renderModule",
          "assetId": "t-kRl-xhtUAw",
          "checksum": "187a2d814400271e6d691d690a80c98b"
        },
        {
          "type": "cssRules",
          "assetId": "t-kRl-xhtUAw",
          "checksum": "187a2d814400271e6d691d690a80c98b"
        },
        {
          "type": "renderModule",
          "assetId": "2qGf9F30dZ1t",
          "checksum": "798eddd75a3f5a8a51ca324107f7566b"
        },
        {
          "type": "cssRules",
          "assetId": "2qGf9F30dZ1t",
          "checksum": "798eddd75a3f5a8a51ca324107f7566b"
        },
        {
          "type": "renderModule",
          "assetId": "uBdFadon0IvN",
          "checksum": "652cb98f8c751ee130342646ca25c069"
        },
        {
          "type": "cssRules",
          "assetId": "uBdFadon0IvN",
          "checksum": "652cb98f8c751ee130342646ca25c069"
        },
        {
          "type": "icon",
          "assetId": "-_XUosDn7f0A",
          "checksum": "23f51eb8ea4c28af86be8dd403634575"
        },
        {
          "type": "icon",
          "assetId": "Zd9nuQ6FdsuZ",
          "checksum": "b06a5d6b33571bc85ecfaf13243947a2"
        },
        {
          "type": "icon",
          "assetId": "SpUgiG1oN5n-",
          "checksum": "9c5e3cda437e179e634031451426f299"
        },
        {
          "type": "icon",
          "assetId": "hjkNvHy-AWg-",
          "checksum": "49ec661cf7de212666eb59bd4a648d3d"
        },
        {
          "type": "icon",
          "assetId": "z1c60md6nL0O",
          "checksum": "a32acf261ba60251ccc9aaf617aa1adb"
        },
        {
          "type": "icon",
          "assetId": "17bMSNfSROO6",
          "checksum": "5beb9466e63d813be415e8696f3437cf"
        },
        {
          "type": "icon",
          "assetId": "FG8Bz1t7HkQL",
          "checksum": "c37b69d81d63c90c1a8060b6530fda4a"
        },
        {
          "type": "icon",
          "assetId": "rUIBDAPmgfg6",
          "checksum": "6dee830403d980102cec8cd8ecf31d5c"
        },
        {
          "type": "icon",
          "assetId": "Ns2beiMj6nJ_",
          "checksum": "e2c8cff8c481eec9fc2128df98065e6e"
        },
        {
          "type": "icon",
          "assetId": "FRIcO-ksgS8R",
          "checksum": "0d9f8b23d4becbf37ba8f9eb6fc93cba"
        },
        {
          "type": "icon",
          "assetId": "UhqX1taM2Bd3",
          "checksum": "5bd9f87b7bb2efeae35dd6c073debd68"
        },
        {
          "type": "icon",
          "assetId": "2iXPsXOx87a0",
          "checksum": "90ab14f92e735080c8416e5c2a87e890"
        },
        {
          "type": "icon",
          "assetId": "bsU4ROSKjbWx",
          "checksum": "b73b0f0037592af00de9848426cb5c54"
        },
        {
          "type": "icon",
          "assetId": "bYaTEL62QSIT",
          "checksum": "feb4055cfb6a1dc1edf15c35ee98cd2f"
        },
        {
          "type": "icon",
          "assetId": "mwH0WtyaDJrg",
          "checksum": "e1c4c9ac10c925f3769137db97d8e982"
        },
        {
          "type": "icon",
          "assetId": "I3sdioQxxOf4",
          "checksum": "38db377be87d611bfe810ff795ce9a39"
        },
        {
          "type": "icon",
          "assetId": "ffZm8LNF8pyZ",
          "checksum": "9d4c455a30d6dd630826a32c4ba0da9a"
        },
        {
          "type": "icon",
          "assetId": "nFjeggxVLNXg",
          "checksum": "d25f252e9de7688177af0165504272c9"
        },
        {
          "type": "icon",
          "assetId": "hUXHU6IGDf7t",
          "checksum": "88da39f2693a73768b47fa540ac74f37"
        },
        {
          "type": "icon",
          "assetId": "uPn7-TJ7opeB",
          "checksum": "440b613345295cb2f96fdc2e889f995e"
        },
        {
          "type": "icon",
          "assetId": "gJh86aN4fJhe",
          "checksum": "ee41e094d37a6d6a239fbb7d0d34f0fd"
        },
        {
          "type": "icon",
          "assetId": "4QTtYA-K8MF2",
          "checksum": "f56720cb0cdf7504101b7672262fee39"
        },
        {
          "type": "icon",
          "assetId": "X2-waAPW6lVe",
          "checksum": "d8b68de0914b49b787f1338254254694"
        },
        {
          "type": "icon",
          "assetId": "_vKagKVmOHMs",
          "checksum": "8d0b493429c1ce0a2fefb388854f26fa"
        },
        {
          "type": "icon",
          "assetId": "9uSj85pam85M",
          "checksum": "03ff0baa2376fee69d7458030f97c376"
        },
        {
          "type": "icon",
          "assetId": "76kbDW1K1X1M",
          "checksum": "c2ceddc1e68628b132445f7c3ccd38f6"
        },
        {
          "type": "icon",
          "assetId": "rfCoNybb2wM9",
          "checksum": "d71b323a6c5deaba868981573b92d8d8"
        },
        {
          "type": "icon",
          "assetId": "zAd7rNWjgm9N",
          "checksum": "1b84a99a7aba14727de2b4b3550d8f5e"
        },
        {
          "type": "icon",
          "assetId": "emSvWZiGa3GN",
          "checksum": "c5289a2cd661b94a3beee34a9ebd82ec"
        },
        {
          "type": "icon",
          "assetId": "9uYOvoZqV_f2",
          "checksum": "8e2524b17af277753230ec92ea3a0193"
        },
        {
          "type": "icon",
          "assetId": "-lR0LMFEejnN",
          "checksum": "43b03b7fe7119e53461db21a298cade8"
        },
        {
          "type": "icon",
          "assetId": "R7R9U8IqVTQk",
          "checksum": "104caea3e79f9b86731f2511a19b9071"
        },
        {
          "type": "icon",
          "assetId": "ZSXqTxEwFe9Y",
          "checksum": "780a8df1c82724a4200158337668e590"
        },
        {
          "type": "icon",
          "assetId": "E8HRK5mCTjMp",
          "checksum": "216ec08521a2d7350afc60deee16d9bc"
        },
        {
          "type": "icon",
          "assetId": "JPE9x0n6W78z",
          "checksum": "09ab6087eb415ad19fb2da0c4a9c620f"
        },
        {
          "type": "icon",
          "assetId": "aT2errNAVV2M",
          "checksum": "afe819173834d3b7c78c3e652f750569"
        },
        {
          "type": "icon",
          "assetId": "qAwLFwH5qETm",
          "checksum": "6b18d99732717e78cf6689b15c214e22"
        },
        {
          "type": "icon",
          "assetId": "hpegXfsCBevq",
          "checksum": "9bdc77f60f5d9d060d277ee4e187ba66"
        },
        {
          "type": "icon",
          "assetId": "ECC07jjF5Koh",
          "checksum": "12f03b46b5d243adf96446e2ca182002"
        },
        {
          "type": "icon",
          "assetId": "AsksVmG9wjjk",
          "checksum": "50d4141c25a294b0b8e0bfd646e68b7f"
        },
        {
          "type": "icon",
          "assetId": "XibM5JtGx1yI",
          "checksum": "f31a20e5df7be9cb71e944ccbc166931"
        },
        {
          "type": "image",
          "assetId": "yi30CvChkOhZ",
          "checksum": "8ec6836460c8ce5857cf8de8ae0c377f"
        },
        {
          "type": "image",
          "assetId": "zjT3v9MpEqy_",
          "checksum": "f33f8c57939b759d67ec867d17f1fa81"
        },
        {
          "type": "image",
          "assetId": "yCpim_vcgkto",
          "checksum": "e23af5d3c408820f55c1f6df9b14aa5f"
        },
        {
          "type": "image",
          "assetId": "ZgIJtWB0jMbt",
          "checksum": "3cc239ae927763e85605a612f3366af2"
        },
        {
          "type": "image",
          "assetId": "I3OxHLQuEx86",
          "checksum": "c0bc51f5c483ac3cd039371a6c774509"
        },
        {
          "type": "image",
          "assetId": "C3ME1I9ivaJN",
          "checksum": "c5b67928e40bce954a71ec41f876116b"
        },
        {
          "type": "image",
          "assetId": "jITdE664xdXN",
          "checksum": "de6d68565e771b77a6d563604b1a3a81"
        },
        {
          "type": "image",
          "assetId": "rCIvr8K_Qze2",
          "checksum": "a3c9a2f2500b7c0d4ab3c7ab737c9a0c"
        },
        {
          "type": "image",
          "assetId": "8bM0xKQlLmCo",
          "checksum": "459fc12dc7813654f5a25cf03c017b10"
        },
        {
          "type": "image",
          "assetId": "Yw_4TVIe4mFa",
          "checksum": "e45f1cbee3093b795bb30cb8a32637f2"
        },
        {
          "type": "image",
          "assetId": "fp7ewjaEAoZ7",
          "checksum": "f1169d172c89b5551a1d43dfcb0e4c06"
        },
        {
          "type": "image",
          "assetId": "qW-wKHhrthzn",
          "checksum": "c5eda2807e328f8b845a820545e0c7ff"
        },
        {
          "type": "image",
          "assetId": "rZB4BWHiNTUw",
          "checksum": "c2c3174de88903c91caa3dcba763b2a8"
        },
        {
          "type": "image",
          "assetId": "kykA8z0Ajkql",
          "checksum": "a4ed5f0b9d585be10fa0dc3268300b3e"
        },
        {
          "type": "image",
          "assetId": "tcKTDwECRf_V",
          "checksum": "441c46ea6aa86428a9e875a033c8258b"
        },
        {
          "type": "image",
          "assetId": "Tc4HfJSbiDtr",
          "checksum": "5d4cf73afba431ad365e37be71918555"
        },
        {
          "type": "image",
          "assetId": "78seudpf5nY9",
          "checksum": "46ec0e20690961501ca55c064bc14d48"
        },
        {
          "type": "image",
          "assetId": "NW84NUOV3THB",
          "checksum": "b36c97bbabd1ceb278e9a0fcce1be04c"
        },
        {
          "type": "image",
          "assetId": "ORZC33VsnqRB",
          "checksum": "2f9c094510b420624aa9fc704f16eb33"
        },
        {
          "type": "image",
          "assetId": "UTP38BRzEG5V",
          "checksum": "51bcab4b40a1358e126d6a82a44fac46"
        },
        {
          "type": "image",
          "assetId": "iGH64xdbDJOd",
          "checksum": "d23f30a8a51df3b18245645653c2a147"
        },
        {
          "type": "image",
          "assetId": "gq27V-xZ7jlI",
          "checksum": "f743ad33056f6335b45f2f7d298feabf"
        },
        {
          "type": "image",
          "assetId": "IuBkLUxaBQ7Z",
          "checksum": "caa077fa488c029f2f842f04e3c8b4d9"
        },
        {
          "type": "image",
          "assetId": "tnaHHDeaNfzn",
          "checksum": "79ee5df22675de0e7f1a0832b7d84487"
        },
        {
          "type": "image",
          "assetId": "PR0T4vSCK49S",
          "checksum": "63d4bef7bdc60440909e8468028bcee7"
        },
        {
          "type": "image",
          "assetId": "p_s3dd2pFW9E",
          "checksum": "0e41fb16c2f8869bc03409b72b9b7f4e"
        },
        {
          "type": "image",
          "assetId": "XOPlEPJlFi6p",
          "checksum": "d2005d0b4a483b2dccc31c8f40fd1a04"
        },
        {
          "type": "image",
          "assetId": "p1MpRYYIsjIo",
          "checksum": "69e49c720ce463b7346b2585a382195d"
        },
        {
          "type": "image",
          "assetId": "tgtL6qVGEPi-",
          "checksum": "60b5c129bdc6df56a5cfd91eda67572a"
        },
        {
          "type": "image",
          "assetId": "7Z7hwJ1xQgJU",
          "checksum": "c64dffde57f5c3296385feaa16572443"
        },
        {
          "type": "image",
          "assetId": "WdSsocDpzg2s",
          "checksum": "243cb9a926278bf4ddaab698cf8aa342"
        },
        {
          "type": "image",
          "assetId": "v7_7Gj6wkr9o",
          "checksum": "efe3e40d1321b884a60add493f730701"
        },
        {
          "assetId": "stpzpG5BNdyk25ngDDeBjt",
          "type": "projectCss",
          "checksum": "8baa13ce7cd580acd2c8ef27410e0621"
        }
      ],
      "codegenVersion": "0.0.1"
    }
  ],
  "cliVersion": "0.1.338"
}
